
Microsoft Visual Studio Solution File, Format Version 11.00
# Visual Studio 2010
Project("{E24C65DC-7377-472B-9ABA-BC803B73C61A}") = "IndiaDeals2Day", ".", "{ED77E398-72BF-4B67-8697-EC2DDFB91B40}"
	ProjectSection(WebsiteProperties) = preProject
		TargetFrameworkMoniker = ".NETFramework,Version%3Dv4.0"
		ProjectReferences = "{53E41DD8-3E1D-4BEC-9484-8C9902207903}|IndiaDeals2Day.BusinessLogicComponents.dll;{12A1E64F-478D-4E32-8359-C60B7E0AD115}|IndiaDeals2Day.DataAccessComponents.dll;{60ACF771-C811-4610-B008-13F65EE352D3}|IndiaDeals2Day.SharedComponents.dll;"
		Debug.AspNetCompiler.VirtualPath = "/IndiaDeals2Day"
		Debug.AspNetCompiler.PhysicalPath = "..\IndiaDeals2Day\"
		Debug.AspNetCompiler.TargetPath = "PrecompiledWeb\IndiaDeals2Day\"
		Debug.AspNetCompiler.Updateable = "true"
		Debug.AspNetCompiler.ForceOverwrite = "true"
		Debug.AspNetCompiler.FixedNames = "false"
		Debug.AspNetCompiler.Debug = "True"
		Release.AspNetCompiler.VirtualPath = "/IndiaDeals2Day"
		Release.AspNetCompiler.PhysicalPath = "..\IndiaDeals2Day\"
		Release.AspNetCompiler.TargetPath = "PrecompiledWeb\IndiaDeals2Day\"
		Release.AspNetCompiler.Updateable = "true"
		Release.AspNetCompiler.ForceOverwrite = "true"
		Release.AspNetCompiler.FixedNames = "false"
		Release.AspNetCompiler.Debug = "False"
		VWDPort = "49307"
	EndProjectSection
EndProject
Project("{FAE04EC0-301F-11D3-BF4B-00C04F79EFBC}") = "IndiaDeals2Day.BusinessLogicComponents", "..\Assemblies\IndiaDeals2Day.BusinessLogicComponents\IndiaDeals2Day.BusinessLogicComponents.csproj", "{53E41DD8-3E1D-4BEC-9484-8C9902207903}"
EndProject
Project("{FAE04EC0-301F-11D3-BF4B-00C04F79EFBC}") = "IndiaDeals2Day.DataAccessComponents", "..\Assemblies\IndiaDeals2Day.DataAccessComponents\IndiaDeals2Day.DataAccessComponents.csproj", "{12A1E64F-478D-4E32-8359-C60B7E0AD115}"
EndProject
Project("{FAE04EC0-301F-11D3-BF4B-00C04F79EFBC}") = "IndiaDeals2Day.SharedComponents", "..\Assemblies\IndiaDeals2Day.SharedComponents\IndiaDeals2Day.SharedComponents.csproj", "{60ACF771-C811-4610-B008-13F65EE352D3}"
EndProject
Global
	GlobalSection(SolutionConfigurationPlatforms) = preSolution
		Debug|Any CPU = Debug|Any CPU
		Release|Any CPU = Release|Any CPU
	EndGlobalSection
	GlobalSection(ProjectConfigurationPlatforms) = postSolution
		{ED77E398-72BF-4B67-8697-EC2DDFB91B40}.Debug|Any CPU.ActiveCfg = Debug|Any CPU
		{ED77E398-72BF-4B67-8697-EC2DDFB91B40}.Debug|Any CPU.Build.0 = Debug|Any CPU
		{ED77E398-72BF-4B67-8697-EC2DDFB91B40}.Release|Any CPU.ActiveCfg = Debug|Any CPU
		{ED77E398-72BF-4B67-8697-EC2DDFB91B40}.Release|Any CPU.Build.0 = Debug|Any CPU
		{53E41DD8-3E1D-4BEC-9484-8C9902207903}.Debug|Any CPU.ActiveCfg = Debug|Any CPU
		{53E41DD8-3E1D-4BEC-9484-8C9902207903}.Debug|Any CPU.Build.0 = Debug|Any CPU
		{53E41DD8-3E1D-4BEC-9484-8C9902207903}.Release|Any CPU.ActiveCfg = Release|Any CPU
		{53E41DD8-3E1D-4BEC-9484-8C9902207903}.Release|Any CPU.Build.0 = Release|Any CPU
		{12A1E64F-478D-4E32-8359-C60B7E0AD115}.Debug|Any CPU.ActiveCfg = Debug|Any CPU
		{12A1E64F-478D-4E32-8359-C60B7E0AD115}.Debug|Any CPU.Build.0 = Debug|Any CPU
		{12A1E64F-478D-4E32-8359-C60B7E0AD115}.Release|Any CPU.ActiveCfg = Release|Any CPU
		{12A1E64F-478D-4E32-8359-C60B7E0AD115}.Release|Any CPU.Build.0 = Release|Any CPU
		{60ACF771-C811-4610-B008-13F65EE352D3}.Debug|Any CPU.ActiveCfg = Debug|Any CPU
		{60ACF771-C811-4610-B008-13F65EE352D3}.Debug|Any CPU.Build.0 = Debug|Any CPU
		{60ACF771-C811-4610-B008-13F65EE352D3}.Release|Any CPU.ActiveCfg = Release|Any CPU
		{60ACF771-C811-4610-B008-13F65EE352D3}.Release|Any CPU.Build.0 = Release|Any CPU
	EndGlobalSection
	GlobalSection(SolutionProperties) = preSolution
		HideSolutionNode = FALSE
	EndGlobalSection
EndGlobal
